
Microsoft Visual Studio Solution File, Format Version 12.00
# Visual Studio Version 17
VisualStudioVersion = 17.11.35219.272
MinimumVisualStudioVersion = 10.0.40219.1
Project("{FAE04EC0-301F-11D3-BF4B-00C04F79EFBC}") = "LogBook-WPF", "LogBook-WPF\LogBook-WPF.csproj", "{FB55BB61-96A9-4CA0-BAEE-386BD6F5F926}"
EndProject
Global
	GlobalSection(SolutionConfigurationPlatforms) = preSolution
		Debug|Any CPU = Debug|Any CPU
		Release|Any CPU = Release|Any CPU
	EndGlobalSection
	GlobalSection(ProjectConfigurationPlatforms) = postSolution
		{FB55BB61-96A9-4CA0-BAEE-386BD6F5F926}.Debug|Any CPU.ActiveCfg = Debug|Any CPU
		{FB55BB61-96A9-4CA0-BAEE-386BD6F5F926}.Debug|Any CPU.Build.0 = Debug|Any CPU
		{FB55BB61-96A9-4CA0-BAEE-386BD6F5F926}.Release|Any CPU.ActiveCfg = Release|Any CPU
		{FB55BB61-96A9-4CA0-BAEE-386BD6F5F926}.Release|Any CPU.Build.0 = Release|Any CPU
	EndGlobalSection
	GlobalSection(SolutionProperties) = preSolution
		HideSolutionNode = FALSE
	EndGlobalSection
	GlobalSection(ExtensibilityGlobals) = postSolution
		SolutionGuid = {F26087A9-07A7-4161-A2BE-0335CD0C19E9}
	EndGlobalSection
EndGlobal
